// !$*UTF8*$!
{
	archiveVersion = 1;
	classes = {
	};
	objectVersion = 55;
	objects = {

/* Begin PBXBuildFile section */
		E61FA2B327CD6745003AE9FA /* Websocket.swift in Sources */ = {isa = PBXBuildFile; fileRef = E61FA2B227CD6745003AE9FA /* Websocket.swift */; };
		E61FA2B427CD6745003AE9FA /* Websocket.swift in Sources */ = {isa = PBXBuildFile; fileRef = E61FA2B227CD6745003AE9FA /* Websocket.swift */; };
		E6307659278BF4750055F02B /* App.swift in Sources */ = {isa = PBXBuildFile; fileRef = E6307649278BF4740055F02B /* App.swift */; };
		E630765A278BF4750055F02B /* App.swift in Sources */ = {isa = PBXBuildFile; fileRef = E6307649278BF4740055F02B /* App.swift */; };
		E630765B278BF4750055F02B /* ContentView.swift in Sources */ = {isa = PBXBuildFile; fileRef = E630764A278BF4740055F02B /* ContentView.swift */; };
		E630765C278BF4750055F02B /* ContentView.swift in Sources */ = {isa = PBXBuildFile; fileRef = E630764A278BF4740055F02B /* ContentView.swift */; };
		E630765D278BF4750055F02B /* Assets.xcassets in Resources */ = {isa = PBXBuildFile; fileRef = E630764B278BF4750055F02B /* Assets.xcassets */; };
		E630765E278BF4750055F02B /* Assets.xcassets in Resources */ = {isa = PBXBuildFile; fileRef = E630764B278BF4750055F02B /* Assets.xcassets */; };
		E6307669278BF81D0055F02B /* Channel.swift in Sources */ = {isa = PBXBuildFile; fileRef = E6307668278BF81D0055F02B /* Channel.swift */; };
		E630766A278BF81D0055F02B /* Channel.swift in Sources */ = {isa = PBXBuildFile; fileRef = E6307668278BF81D0055F02B /* Channel.swift */; };
		E630766C278BF9DF0055F02B /* Permission.swift in Sources */ = {isa = PBXBuildFile; fileRef = E630766B278BF9DF0055F02B /* Permission.swift */; };
		E630766D278BF9DF0055F02B /* Permission.swift in Sources */ = {isa = PBXBuildFile; fileRef = E630766B278BF9DF0055F02B /* Permission.swift */; };
		E630766F278BFC820055F02B /* Hub.swift in Sources */ = {isa = PBXBuildFile; fileRef = E630766E278BFC820055F02B /* Hub.swift */; };
		E6307670278BFC820055F02B /* Hub.swift in Sources */ = {isa = PBXBuildFile; fileRef = E630766E278BFC820055F02B /* Hub.swift */; };
		E63F4EB6278D3660003799D3 /* Http.swift in Sources */ = {isa = PBXBuildFile; fileRef = E63F4EB5278D3660003799D3 /* Http.swift */; };
		E63F4EB7278D3660003799D3 /* Http.swift in Sources */ = {isa = PBXBuildFile; fileRef = E63F4EB5278D3660003799D3 /* Http.swift */; };
		E64CF30027D3300500157E5D /* AppConfig.swift in Sources */ = {isa = PBXBuildFile; fileRef = E64CF2FF27D3300500157E5D /* AppConfig.swift */; };
		E64CF30127D3300500157E5D /* AppConfig.swift in Sources */ = {isa = PBXBuildFile; fileRef = E64CF2FF27D3300500157E5D /* AppConfig.swift */; };
		E64CF30627D3540400157E5D /* Loaders.swift in Sources */ = {isa = PBXBuildFile; fileRef = E64CF30527D3540400157E5D /* Loaders.swift */; };
		E64CF30727D3540400157E5D /* Loaders.swift in Sources */ = {isa = PBXBuildFile; fileRef = E64CF30527D3540400157E5D /* Loaders.swift */; };
		E6F22056279F754F00DEEE1F /* MessageList.swift in Sources */ = {isa = PBXBuildFile; fileRef = E6F22055279F754F00DEEE1F /* MessageList.swift */; };
		E6F22057279F754F00DEEE1F /* MessageList.swift in Sources */ = {isa = PBXBuildFile; fileRef = E6F22055279F754F00DEEE1F /* MessageList.swift */; };
		E6F7783B2799D6AC009B8ED8 /* HubRow.swift in Sources */ = {isa = PBXBuildFile; fileRef = E6F7783A2799D6AC009B8ED8 /* HubRow.swift */; };
		E6F7783C2799D6AC009B8ED8 /* HubRow.swift in Sources */ = {isa = PBXBuildFile; fileRef = E6F7783A2799D6AC009B8ED8 /* HubRow.swift */; };
		E6F7783E2799D842009B8ED8 /* HubList.swift in Sources */ = {isa = PBXBuildFile; fileRef = E6F7783D2799D842009B8ED8 /* HubList.swift */; };
		E6F7783F2799D842009B8ED8 /* HubList.swift in Sources */ = {isa = PBXBuildFile; fileRef = E6F7783D2799D842009B8ED8 /* HubList.swift */; };
		E6F778412799D9FE009B8ED8 /* HubView.swift in Sources */ = {isa = PBXBuildFile; fileRef = E6F778402799D9FE009B8ED8 /* HubView.swift */; };
		E6F778422799D9FE009B8ED8 /* HubView.swift in Sources */ = {isa = PBXBuildFile; fileRef = E6F778402799D9FE009B8ED8 /* HubView.swift */; };
		E6F77844279A2EBC009B8ED8 /* ChannelRow.swift in Sources */ = {isa = PBXBuildFile; fileRef = E6F77843279A2EBC009B8ED8 /* ChannelRow.swift */; };
		E6F77845279A2EBC009B8ED8 /* ChannelRow.swift in Sources */ = {isa = PBXBuildFile; fileRef = E6F77843279A2EBC009B8ED8 /* ChannelRow.swift */; };
		E6F77847279A3402009B8ED8 /* ChannelList.swift in Sources */ = {isa = PBXBuildFile; fileRef = E6F77846279A3402009B8ED8 /* ChannelList.swift */; };
		E6F77848279A3402009B8ED8 /* ChannelList.swift in Sources */ = {isa = PBXBuildFile; fileRef = E6F77846279A3402009B8ED8 /* ChannelList.swift */; };
		E6F7784A279A3482009B8ED8 /* ChannelView.swift in Sources */ = {isa = PBXBuildFile; fileRef = E6F77849279A3482009B8ED8 /* ChannelView.swift */; };
		E6F7784B279A3482009B8ED8 /* ChannelView.swift in Sources */ = {isa = PBXBuildFile; fileRef = E6F77849279A3482009B8ED8 /* ChannelView.swift */; };
		E6FC40DA27D876D500774180 /* MessageRow.swift in Sources */ = {isa = PBXBuildFile; fileRef = E6FC40D927D876D500774180 /* MessageRow.swift */; };
		E6FC40DB27D876D500774180 /* MessageRow.swift in Sources */ = {isa = PBXBuildFile; fileRef = E6FC40D927D876D500774180 /* MessageRow.swift */; };
/* End PBXBuildFile section */

/* Begin PBXFileReference section */
		E61FA2B227CD6745003AE9FA /* Websocket.swift */ = {isa = PBXFileReference; lastKnownFileType = sourcecode.swift; path = Websocket.swift; sourceTree = "<group>"; };
		E61FA2B627CDF754003AE9FA /* Foundation.framework */ = {isa = PBXFileReference; lastKnownFileType = wrapper.framework; name = Foundation.framework; path = System/Library/Frameworks/Foundation.framework; sourceTree = SDKROOT; };
		E61FA2B827CDF759003AE9FA /* SwiftUI.framework */ = {isa = PBXFileReference; lastKnownFileType = wrapper.framework; name = SwiftUI.framework; path = System/Library/Frameworks/SwiftUI.framework; sourceTree = SDKROOT; };
		E61FA2BA27CDF7EA003AE9FA /* CFNetwork.framework */ = {isa = PBXFileReference; lastKnownFileType = wrapper.framework; name = CFNetwork.framework; path = System/Library/Frameworks/CFNetwork.framework; sourceTree = SDKROOT; };
		E6307649278BF4740055F02B /* App.swift */ = {isa = PBXFileReference; lastKnownFileType = sourcecode.swift; path = App.swift; sourceTree = "<group>"; };
		E630764A278BF4740055F02B /* ContentView.swift */ = {isa = PBXFileReference; lastKnownFileType = sourcecode.swift; path = ContentView.swift; sourceTree = "<group>"; };
		E630764B278BF4750055F02B /* Assets.xcassets */ = {isa = PBXFileReference; lastKnownFileType = folder.assetcatalog; path = Assets.xcassets; sourceTree = "<group>"; };
		E6307658278BF4750055F02B /* macOS.entitlements */ = {isa = PBXFileReference; lastKnownFileType = text.plist.entitlements; path = macOS.entitlements; sourceTree = "<group>"; };
		E6307668278BF81D0055F02B /* Channel.swift */ = {isa = PBXFileReference; lastKnownFileType = sourcecode.swift; path = Channel.swift; sourceTree = "<group>"; };
		E630766B278BF9DF0055F02B /* Permission.swift */ = {isa = PBXFileReference; lastKnownFileType = sourcecode.swift; path = Permission.swift; sourceTree = "<group>"; };
		E630766E278BFC820055F02B /* Hub.swift */ = {isa = PBXFileReference; lastKnownFileType = sourcecode.swift; path = Hub.swift; sourceTree = "<group>"; };
		E63F4EB5278D3660003799D3 /* Http.swift */ = {isa = PBXFileReference; lastKnownFileType = sourcecode.swift; path = Http.swift; sourceTree = "<group>"; };
		E64CF2FF27D3300500157E5D /* AppConfig.swift */ = {isa = PBXFileReference; lastKnownFileType = sourcecode.swift; path = AppConfig.swift; sourceTree = "<group>"; };
		E64CF30527D3540400157E5D /* Loaders.swift */ = {isa = PBXFileReference; lastKnownFileType = sourcecode.swift; path = Loaders.swift; sourceTree = "<group>"; };
		E65A8C1F27D35ED1004CB647 /* WICRS Client.app */ = {isa = PBXFileReference; explicitFileType = wrapper.application; includeInIndex = 0; path = "WICRS Client.app"; sourceTree = BUILT_PRODUCTS_DIR; };
		E65A8C2027D35ED1004CB647 /* WICRS Client.app */ = {isa = PBXFileReference; explicitFileType = wrapper.application; includeInIndex = 0; path = "WICRS Client.app"; sourceTree = BUILT_PRODUCTS_DIR; };
		E65A8C2127D42F73004CB647 /* WICRS Client (iOS).entitlements */ = {isa = PBXFileReference; lastKnownFileType = text.plist.entitlements; path = "WICRS Client (iOS).entitlements"; sourceTree = "<group>"; };
		E65A8C2327D43003004CB647 /* Info-iOS.plist */ = {isa = PBXFileReference; lastKnownFileType = text.plist.xml; path = "Info-iOS.plist"; sourceTree = "<group>"; };
		E6E21B7327D02E040027E882 /* Info-macOS.plist */ = {isa = PBXFileReference; lastKnownFileType = text.plist.xml; path = "Info-macOS.plist"; sourceTree = "<group>"; };
		E6F22055279F754F00DEEE1F /* MessageList.swift */ = {isa = PBXFileReference; lastKnownFileType = sourcecode.swift; path = MessageList.swift; sourceTree = "<group>"; };
		E6F7783A2799D6AC009B8ED8 /* HubRow.swift */ = {isa = PBXFileReference; lastKnownFileType = sourcecode.swift; path = HubRow.swift; sourceTree = "<group>"; };
		E6F7783D2799D842009B8ED8 /* HubList.swift */ = {isa = PBXFileReference; lastKnownFileType = sourcecode.swift; path = HubList.swift; sourceTree = "<group>"; };
		E6F778402799D9FE009B8ED8 /* HubView.swift */ = {isa = PBXFileReference; lastKnownFileType = sourcecode.swift; path = HubView.swift; sourceTree = "<group>"; };
		E6F77843279A2EBC009B8ED8 /* ChannelRow.swift */ = {isa = PBXFileReference; lastKnownFileType = sourcecode.swift; path = ChannelRow.swift; sourceTree = "<group>"; };
		E6F77846279A3402009B8ED8 /* ChannelList.swift */ = {isa = PBXFileReference; lastKnownFileType = sourcecode.swift; path = ChannelList.swift; sourceTree = "<group>"; };
		E6F77849279A3482009B8ED8 /* ChannelView.swift */ = {isa = PBXFileReference; lastKnownFileType = sourcecode.swift; path = ChannelView.swift; sourceTree = "<group>"; };
		E6FC40D927D876D500774180 /* MessageRow.swift */ = {isa = PBXFileReference; lastKnownFileType = sourcecode.swift; path = MessageRow.swift; sourceTree = "<group>"; };
/* End PBXFileReference section */

/* Begin PBXFrameworksBuildPhase section */
		E630764D278BF4750055F02B /* Frameworks */ = {
			isa = PBXFrameworksBuildPhase;
			buildActionMask = 2147483647;
			files = (
			);
			runOnlyForDeploymentPostprocessing = 0;
		};
		E6307653278BF4750055F02B /* Frameworks */ = {
			isa = PBXFrameworksBuildPhase;
			buildActionMask = 2147483647;
			files = (
			);
			runOnlyForDeploymentPostprocessing = 0;
		};
/* End PBXFrameworksBuildPhase section */

/* Begin PBXGroup section */
		E61FA2B527CDF754003AE9FA /* Frameworks */ = {
			isa = PBXGroup;
			children = (
				E61FA2BA27CDF7EA003AE9FA /* CFNetwork.framework */,
				E61FA2B827CDF759003AE9FA /* SwiftUI.framework */,
				E61FA2B627CDF754003AE9FA /* Foundation.framework */,
			);
			name = Frameworks;
			sourceTree = "<group>";
		};
		E6307643278BF4740055F02B = {
			isa = PBXGroup;
			children = (
				E65A8C2127D42F73004CB647 /* WICRS Client (iOS).entitlements */,
				E6E21B7327D02E040027E882 /* Info-macOS.plist */,
				E65A8C2327D43003004CB647 /* Info-iOS.plist */,
				E6307648278BF4740055F02B /* Shared */,
				E6307657278BF4750055F02B /* macOS */,
				E61FA2B527CDF754003AE9FA /* Frameworks */,
				E65A8C1F27D35ED1004CB647 /* WICRS Client.app */,
				E65A8C2027D35ED1004CB647 /* WICRS Client.app */,
			);
			sourceTree = "<group>";
		};
		E6307648278BF4740055F02B /* Shared */ = {
			isa = PBXGroup;
			children = (
				E6307649278BF4740055F02B /* App.swift */,
				E64CF2FF27D3300500157E5D /* AppConfig.swift */,
				E64CF30527D3540400157E5D /* Loaders.swift */,
				E6307667278BF8020055F02B /* Api */,
				E6F778392799D689009B8ED8 /* Views */,
				E630764B278BF4750055F02B /* Assets.xcassets */,
			);
			path = Shared;
			sourceTree = "<group>";
		};
		E6307657278BF4750055F02B /* macOS */ = {
			isa = PBXGroup;
			children = (
				E6307658278BF4750055F02B /* macOS.entitlements */,
			);
			path = macOS;
			sourceTree = "<group>";
		};
		E6307667278BF8020055F02B /* Api */ = {
			isa = PBXGroup;
			children = (
				E6307668278BF81D0055F02B /* Channel.swift */,
				E630766E278BFC820055F02B /* Hub.swift */,
				E61FA2B227CD6745003AE9FA /* Websocket.swift */,
				E63F4EB5278D3660003799D3 /* Http.swift */,
				E630766B278BF9DF0055F02B /* Permission.swift */,
			);
			path = Api;
			sourceTree = "<group>";
		};
		E6F778392799D689009B8ED8 /* Views */ = {
			isa = PBXGroup;
			children = (
				E630764A278BF4740055F02B /* ContentView.swift */,
				E6F7783D2799D842009B8ED8 /* HubList.swift */,
				E6F77843279A2EBC009B8ED8 /* ChannelRow.swift */,
				E6F77846279A3402009B8ED8 /* ChannelList.swift */,
				E6F22055279F754F00DEEE1F /* MessageList.swift */,
				E6FC40D927D876D500774180 /* MessageRow.swift */,
				E6F77849279A3482009B8ED8 /* ChannelView.swift */,
				E6F778402799D9FE009B8ED8 /* HubView.swift */,
				E6F7783A2799D6AC009B8ED8 /* HubRow.swift */,
			);
			path = Views;
			sourceTree = "<group>";
		};
/* End PBXGroup section */

/* Begin PBXNativeTarget section */
		E630764F278BF4750055F02B /* WICRS Client (iOS) */ = {
			isa = PBXNativeTarget;
			buildConfigurationList = E6307661278BF4750055F02B /* Build configuration list for PBXNativeTarget "WICRS Client (iOS)" */;
			buildPhases = (
				E630764C278BF4750055F02B /* Sources */,
				E630764D278BF4750055F02B /* Frameworks */,
				E630764E278BF4750055F02B /* Resources */,
			);
			buildRules = (
			);
			dependencies = (
			);
			name = "WICRS Client (iOS)";
			productName = "WICRS Client (iOS)";
			productReference = E65A8C1F27D35ED1004CB647 /* WICRS Client.app */;
			productType = "com.apple.product-type.application";
		};
		E6307655278BF4750055F02B /* WICRS Client (macOS) */ = {
			isa = PBXNativeTarget;
			buildConfigurationList = E6307664278BF4750055F02B /* Build configuration list for PBXNativeTarget "WICRS Client (macOS)" */;
			buildPhases = (
				E6307652278BF4750055F02B /* Sources */,
				E6307653278BF4750055F02B /* Frameworks */,
				E6307654278BF4750055F02B /* Resources */,
			);
			buildRules = (
			);
			dependencies = (
			);
			name = "WICRS Client (macOS)";
			productName = "WICRS Client (macOS)";
			productReference = E65A8C2027D35ED1004CB647 /* WICRS Client.app */;
			productType = "com.apple.product-type.application";
		};
/* End PBXNativeTarget section */

/* Begin PBXProject section */
		E6307644278BF4740055F02B /* Project object */ = {
			isa = PBXProject;
			attributes = {
				BuildIndependentTargetsInParallel = 1;
				LastSwiftUpdateCheck = 1310;
				LastUpgradeCheck = 1320;
				TargetAttributes = {
					E630764F278BF4750055F02B = {
						CreatedOnToolsVersion = 13.1;
					};
					E6307655278BF4750055F02B = {
						CreatedOnToolsVersion = 13.1;
					};
				};
			};
			buildConfigurationList = E6307647278BF4740055F02B /* Build configuration list for PBXProject "WICRS Client" */;
			compatibilityVersion = "Xcode 13.0";
			developmentRegion = en;
			hasScannedForEncodings = 0;
			knownRegions = (
				en,
				Base,
			);
			mainGroup = E6307643278BF4740055F02B;
			productRefGroup = E6307643278BF4740055F02B;
			projectDirPath = "";
			projectRoot = "";
			targets = (
				E630764F278BF4750055F02B /* WICRS Client (iOS) */,
				E6307655278BF4750055F02B /* WICRS Client (macOS) */,
			);
		};
/* End PBXProject section */

/* Begin PBXResourcesBuildPhase section */
		E630764E278BF4750055F02B /* Resources */ = {
			isa = PBXResourcesBuildPhase;
			buildActionMask = 2147483647;
			files = (
				E630765D278BF4750055F02B /* Assets.xcassets in Resources */,
			);
			runOnlyForDeploymentPostprocessing = 0;
		};
		E6307654278BF4750055F02B /* Resources */ = {
			isa = PBXResourcesBuildPhase;
			buildActionMask = 2147483647;
			files = (
				E630765E278BF4750055F02B /* Assets.xcassets in Resources */,
			);
			runOnlyForDeploymentPostprocessing = 0;
		};
/* End PBXResourcesBuildPhase section */

/* Begin PBXSourcesBuildPhase section */
		E630764C278BF4750055F02B /* Sources */ = {
			isa = PBXSourcesBuildPhase;
			buildActionMask = 2147483647;
			files = (
				E6F7784A279A3482009B8ED8 /* ChannelView.swift in Sources */,
				E630766F278BFC820055F02B /* Hub.swift in Sources */,
				E64CF30627D3540400157E5D /* Loaders.swift in Sources */,
				E630766C278BF9DF0055F02B /* Permission.swift in Sources */,
				E6F77844279A2EBC009B8ED8 /* ChannelRow.swift in Sources */,
				E6FC40DA27D876D500774180 /* MessageRow.swift in Sources */,
				E630765B278BF4750055F02B /* ContentView.swift in Sources */,
				E6F22056279F754F00DEEE1F /* MessageList.swift in Sources */,
				E64CF30027D3300500157E5D /* AppConfig.swift in Sources */,
				E6F77847279A3402009B8ED8 /* ChannelList.swift in Sources */,
				E6F7783E2799D842009B8ED8 /* HubList.swift in Sources */,
				E6F778412799D9FE009B8ED8 /* HubView.swift in Sources */,
				E6F7783B2799D6AC009B8ED8 /* HubRow.swift in Sources */,
				E6307669278BF81D0055F02B /* Channel.swift in Sources */,
				E63F4EB6278D3660003799D3 /* Http.swift in Sources */,
				E6307659278BF4750055F02B /* App.swift in Sources */,
				E61FA2B327CD6745003AE9FA /* Websocket.swift in Sources */,
			);
			runOnlyForDeploymentPostprocessing = 0;
		};
		E6307652278BF4750055F02B /* Sources */ = {
			isa = PBXSourcesBuildPhase;
			buildActionMask = 2147483647;
			files = (
				E6F7784B279A3482009B8ED8 /* ChannelView.swift in Sources */,
				E6307670278BFC820055F02B /* Hub.swift in Sources */,
				E64CF30727D3540400157E5D /* Loaders.swift in Sources */,
				E630766D278BF9DF0055F02B /* Permission.swift in Sources */,
				E6F77845279A2EBC009B8ED8 /* ChannelRow.swift in Sources */,
				E6FC40DB27D876D500774180 /* MessageRow.swift in Sources */,
				E630765C278BF4750055F02B /* ContentView.swift in Sources */,
				E6F22057279F754F00DEEE1F /* MessageList.swift in Sources */,
				E64CF30127D3300500157E5D /* AppConfig.swift in Sources */,
				E6F77848279A3402009B8ED8 /* ChannelList.swift in Sources */,
				E6F7783F2799D842009B8ED8 /* HubList.swift in Sources */,
				E6F778422799D9FE009B8ED8 /* HubView.swift in Sources */,
				E6F7783C2799D6AC009B8ED8 /* HubRow.swift in Sources */,
				E630766A278BF81D0055F02B /* Channel.swift in Sources */,
				E63F4EB7278D3660003799D3 /* Http.swift in Sources */,
				E630765A278BF4750055F02B /* App.swift in Sources */,
				E61FA2B427CD6745003AE9FA /* Websocket.swift in Sources */,
			);
			runOnlyForDeploymentPostprocessing = 0;
		};
/* End PBXSourcesBuildPhase section */

/* Begin XCBuildConfiguration section */
		E630765F278BF4750055F02B /* Debug */ = {
			isa = XCBuildConfiguration;
			buildSettings = {
				ALWAYS_SEARCH_USER_PATHS = NO;
				CLANG_ANALYZER_NONNULL = YES;
				CLANG_ANALYZER_NUMBER_OBJECT_CONVERSION = YES_AGGRESSIVE;
				CLANG_CXX_LANGUAGE_STANDARD = "gnu++17";
				CLANG_CXX_LIBRARY = "libc++";
				CLANG_ENABLE_MODULES = YES;
				CLANG_ENABLE_OBJC_ARC = YES;
				CLANG_ENABLE_OBJC_WEAK = YES;
				CLANG_WARN_BLOCK_CAPTURE_AUTORELEASING = YES;
				CLANG_WARN_BOOL_CONVERSION = YES;
				CLANG_WARN_COMMA = YES;
				CLANG_WARN_CONSTANT_CONVERSION = YES;
				CLANG_WARN_DEPRECATED_OBJC_IMPLEMENTATIONS = YES;
				CLANG_WARN_DIRECT_OBJC_ISA_USAGE = YES_ERROR;
				CLANG_WARN_DOCUMENTATION_COMMENTS = YES;
				CLANG_WARN_EMPTY_BODY = YES;
				CLANG_WARN_ENUM_CONVERSION = YES;
				CLANG_WARN_INFINITE_RECURSION = YES;
				CLANG_WARN_INT_CONVERSION = YES;
				CLANG_WARN_NON_LITERAL_NULL_CONVERSION = YES;
				CLANG_WARN_OBJC_IMPLICIT_RETAIN_SELF = YES;
				CLANG_WARN_OBJC_LITERAL_CONVERSION = YES;
				CLANG_WARN_OBJC_ROOT_CLASS = YES_ERROR;
				CLANG_WARN_QUOTED_INCLUDE_IN_FRAMEWORK_HEADER = YES;
				CLANG_WARN_RANGE_LOOP_ANALYSIS = YES;
				CLANG_WARN_STRICT_PROTOTYPES = YES;
				CLANG_WARN_SUSPICIOUS_MOVE = YES;
				CLANG_WARN_UNGUARDED_AVAILABILITY = YES_AGGRESSIVE;
				CLANG_WARN_UNREACHABLE_CODE = YES;
				CLANG_WARN__DUPLICATE_METHOD_MATCH = YES;
				COPY_PHASE_STRIP = NO;
				DEBUG_INFORMATION_FORMAT = dwarf;
				ENABLE_STRICT_OBJC_MSGSEND = YES;
				ENABLE_TESTABILITY = YES;
				GCC_C_LANGUAGE_STANDARD = gnu11;
				GCC_DYNAMIC_NO_PIC = NO;
				GCC_NO_COMMON_BLOCKS = YES;
				GCC_OPTIMIZATION_LEVEL = 0;
				GCC_PREPROCESSOR_DEFINITIONS = (
					"DEBUG=1",
					"$(inherited)",
				);
				GCC_WARN_64_TO_32_BIT_CONVERSION = YES;
				GCC_WARN_ABOUT_RETURN_TYPE = YES_ERROR;
				GCC_WARN_UNDECLARED_SELECTOR = YES;
				GCC_WARN_UNINITIALIZED_AUTOS = YES_AGGRESSIVE;
				GCC_WARN_UNUSED_FUNCTION = YES;
				GCC_WARN_UNUSED_VARIABLE = YES;
				MTL_ENABLE_DEBUG_INFO = INCLUDE_SOURCE;
				MTL_FAST_MATH = YES;
				ONLY_ACTIVE_ARCH = YES;
				SWIFT_ACTIVE_COMPILATION_CONDITIONS = DEBUG;
				SWIFT_OPTIMIZATION_LEVEL = "-Onone";
			};
			name = Debug;
		};
		E6307660278BF4750055F02B /* Release */ = {
			isa = XCBuildConfiguration;
			buildSettings = {
				ALWAYS_SEARCH_USER_PATHS = NO;
				CLANG_ANALYZER_NONNULL = YES;
				CLANG_ANALYZER_NUMBER_OBJECT_CONVERSION = YES_AGGRESSIVE;
				CLANG_CXX_LANGUAGE_STANDARD = "gnu++17";
				CLANG_CXX_LIBRARY = "libc++";
				CLANG_ENABLE_MODULES = YES;
				CLANG_ENABLE_OBJC_ARC = YES;
				CLANG_ENABLE_OBJC_WEAK = YES;
				CLANG_WARN_BLOCK_CAPTURE_AUTORELEASING = YES;
				CLANG_WARN_BOOL_CONVERSION = YES;
				CLANG_WARN_COMMA = YES;
				CLANG_WARN_CONSTANT_CONVERSION = YES;
				CLANG_WARN_DEPRECATED_OBJC_IMPLEMENTATIONS = YES;
				CLANG_WARN_DIRECT_OBJC_ISA_USAGE = YES_ERROR;
				CLANG_WARN_DOCUMENTATION_COMMENTS = YES;
				CLANG_WARN_EMPTY_BODY = YES;
				CLANG_WARN_ENUM_CONVERSION = YES;
				CLANG_WARN_INFINITE_RECURSION = YES;
				CLANG_WARN_INT_CONVERSION = YES;
				CLANG_WARN_NON_LITERAL_NULL_CONVERSION = YES;
				CLANG_WARN_OBJC_IMPLICIT_RETAIN_SELF = YES;
				CLANG_WARN_OBJC_LITERAL_CONVERSION = YES;
				CLANG_WARN_OBJC_ROOT_CLASS = YES_ERROR;
				CLANG_WARN_QUOTED_INCLUDE_IN_FRAMEWORK_HEADER = YES;
				CLANG_WARN_RANGE_LOOP_ANALYSIS = YES;
				CLANG_WARN_STRICT_PROTOTYPES = YES;
				CLANG_WARN_SUSPICIOUS_MOVE = YES;
				CLANG_WARN_UNGUARDED_AVAILABILITY = YES_AGGRESSIVE;
				CLANG_WARN_UNREACHABLE_CODE = YES;
				CLANG_WARN__DUPLICATE_METHOD_MATCH = YES;
				COPY_PHASE_STRIP = NO;
				DEBUG_INFORMATION_FORMAT = "dwarf-with-dsym";
				ENABLE_NS_ASSERTIONS = NO;
				ENABLE_STRICT_OBJC_MSGSEND = YES;
				GCC_C_LANGUAGE_STANDARD = gnu11;
				GCC_NO_COMMON_BLOCKS = YES;
				GCC_WARN_64_TO_32_BIT_CONVERSION = YES;
				GCC_WARN_ABOUT_RETURN_TYPE = YES_ERROR;
				GCC_WARN_UNDECLARED_SELECTOR = YES;
				GCC_WARN_UNINITIALIZED_AUTOS = YES_AGGRESSIVE;
				GCC_WARN_UNUSED_FUNCTION = YES;
				GCC_WARN_UNUSED_VARIABLE = YES;
				MTL_ENABLE_DEBUG_INFO = NO;
				MTL_FAST_MATH = YES;
				SWIFT_COMPILATION_MODE = wholemodule;
				SWIFT_OPTIMIZATION_LEVEL = "-O";
			};
			name = Release;
		};
		E6307662278BF4750055F02B /* Debug */ = {
			isa = XCBuildConfiguration;
			buildSettings = {
				ASSETCATALOG_COMPILER_APPICON_NAME = AppIcon;
				ASSETCATALOG_COMPILER_GLOBAL_ACCENT_COLOR_NAME = AccentColor;
				CODE_SIGN_ENTITLEMENTS = "WICRS Client (iOS).entitlements";
				CODE_SIGN_STYLE = Automatic;
				CURRENT_PROJECT_VERSION = 1;
				DEVELOPMENT_TEAM = 4AX3F7R9XQ;
				ENABLE_PREVIEWS = YES;
				GENERATE_INFOPLIST_FILE = YES;
				INFOPLIST_FILE = "Info-iOS.plist";
				INFOPLIST_KEY_UIApplicationSceneManifest_Generation = YES;
				INFOPLIST_KEY_UIApplicationSupportsIndirectInputEvents = YES;
				INFOPLIST_KEY_UILaunchScreen_Generation = YES;
				INFOPLIST_KEY_UISupportedInterfaceOrientations_iPad = "UIInterfaceOrientationPortrait UIInterfaceOrientationPortraitUpsideDown UIInterfaceOrientationLandscapeLeft UIInterfaceOrientationLandscapeRight";
				INFOPLIST_KEY_UISupportedInterfaceOrientations_iPhone = "UIInterfaceOrientationPortrait UIInterfaceOrientationLandscapeLeft UIInterfaceOrientationLandscapeRight";
				IPHONEOS_DEPLOYMENT_TARGET = 15.0;
				LD_RUNPATH_SEARCH_PATHS = (
					"$(inherited)",
					"@executable_path/Frameworks",
				);
				MARKETING_VERSION = 1.0;
				PRODUCT_BUNDLE_IDENTIFIER = "net.willemml.WICRS-Client";
				PRODUCT_NAME = "WICRS Client";
				SDKROOT = iphoneos;
				SUPPORTS_MACCATALYST = YES;
				SWIFT_EMIT_LOC_STRINGS = YES;
				SWIFT_VERSION = 5.0;
				TARGETED_DEVICE_FAMILY = "1,2,6";
			};
			name = Debug;
		};
		E6307663278BF4750055F02B /* Release */ = {
			isa = XCBuildConfiguration;
			buildSettings = {
				ASSETCATALOG_COMPILER_APPICON_NAME = AppIcon;
				ASSETCATALOG_COMPILER_GLOBAL_ACCENT_COLOR_NAME = AccentColor;
				CODE_SIGN_ENTITLEMENTS = "WICRS Client (iOS).entitlements";
				CODE_SIGN_STYLE = Automatic;
				CURRENT_PROJECT_VERSION = 1;
				DEVELOPMENT_TEAM = 4AX3F7R9XQ;
				ENABLE_PREVIEWS = YES;
				GENERATE_INFOPLIST_FILE = YES;
				INFOPLIST_FILE = "Info-iOS.plist";
				INFOPLIST_KEY_UIApplicationSceneManifest_Generation = YES;
				INFOPLIST_KEY_UIApplicationSupportsIndirectInputEvents = YES;
				INFOPLIST_KEY_UILaunchScreen_Generation = YES;
				INFOPLIST_KEY_UISupportedInterfaceOrientations_iPad = "UIInterfaceOrientationPortrait UIInterfaceOrientationPortraitUpsideDown UIInterfaceOrientationLandscapeLeft UIInterfaceOrientationLandscapeRight";
				INFOPLIST_KEY_UISupportedInterfaceOrientations_iPhone = "UIInterfaceOrientationPortrait UIInterfaceOrientationLandscapeLeft UIInterfaceOrientationLandscapeRight";
				IPHONEOS_DEPLOYMENT_TARGET = 15.0;
				LD_RUNPATH_SEARCH_PATHS = (
					"$(inherited)",
					"@executable_path/Frameworks",
				);
				MARKETING_VERSION = 1.0;
				PRODUCT_BUNDLE_IDENTIFIER = "net.willemml.WICRS-Client";
				PRODUCT_NAME = "WICRS Client";
				SDKROOT = iphoneos;
				SUPPORTS_MACCATALYST = YES;
				SWIFT_EMIT_LOC_STRINGS = YES;
				SWIFT_VERSION = 5.0;
				TARGETED_DEVICE_FAMILY = "1,2,6";
				VALIDATE_PRODUCT = YES;
			};
			name = Release;
		};
		E6307665278BF4750055F02B /* Debug */ = {
			isa = XCBuildConfiguration;
			buildSettings = {
				ASSETCATALOG_COMPILER_APPICON_NAME = AppIcon;
				ASSETCATALOG_COMPILER_GLOBAL_ACCENT_COLOR_NAME = AccentColor;
				CODE_SIGN_ENTITLEMENTS = macOS/macOS.entitlements;
				CODE_SIGN_IDENTITY = "Apple Development";
				CODE_SIGN_STYLE = Automatic;
				COMBINE_HIDPI_IMAGES = YES;
				CURRENT_PROJECT_VERSION = 1;
				DEVELOPMENT_TEAM = 4AX3F7R9XQ;
				ENABLE_HARDENED_RUNTIME = YES;
				ENABLE_PREVIEWS = YES;
				GENERATE_INFOPLIST_FILE = YES;
				INFOPLIST_FILE = "Info-macOS.plist";
				INFOPLIST_KEY_NSHumanReadableCopyright = "Willem Leitso";
				LD_RUNPATH_SEARCH_PATHS = (
					"$(inherited)",
					"@executable_path/../Frameworks",
				);
				MACOSX_DEPLOYMENT_TARGET = 12.2;
				MARKETING_VERSION = 1.0;
				PRODUCT_BUNDLE_IDENTIFIER = "net.willemml.WICRS-Client";
				PRODUCT_NAME = "WICRS Client";
				SDKROOT = macosx;
				SWIFT_EMIT_LOC_STRINGS = YES;
				SWIFT_VERSION = 5.0;
			};
			name = Debug;
		};
		E6307666278BF4750055F02B /* Release */ = {
			isa = XCBuildConfiguration;
			buildSettings = {
				ASSETCATALOG_COMPILER_APPICON_NAME = AppIcon;
				ASSETCATALOG_COMPILER_GLOBAL_ACCENT_COLOR_NAME = AccentColor;
				CODE_SIGN_ENTITLEMENTS = macOS/macOS.entitlements;
				CODE_SIGN_IDENTITY = "Apple Development";
				CODE_SIGN_STYLE = Automatic;
				COMBINE_HIDPI_IMAGES = YES;
				CURRENT_PROJECT_VERSION = 1;
				DEVELOPMENT_TEAM = 4AX3F7R9XQ;
				ENABLE_HARDENED_RUNTIME = YES;
				ENABLE_PREVIEWS = YES;
				GENERATE_INFOPLIST_FILE = YES;
				INFOPLIST_FILE = "Info-macOS.plist";
				INFOPLIST_KEY_NSHumanReadableCopyright = "Willem Leitso";
				LD_RUNPATH_SEARCH_PATHS = (
					"$(inherited)",
					"@executable_path/../Frameworks",
				);
				MACOSX_DEPLOYMENT_TARGET = 12.2;
				MARKETING_VERSION = 1.0;
				PRODUCT_BUNDLE_IDENTIFIER = "net.willemml.WICRS-Client";
				PRODUCT_NAME = "WICRS Client";
				SDKROOT = macosx;
				SWIFT_EMIT_LOC_STRINGS = YES;
				SWIFT_VERSION = 5.0;
			};
			name = Release;
		};
/* End XCBuildConfiguration section */

/* Begin XCConfigurationList section */
		E6307647278BF4740055F02B /* Build configuration list for PBXProject "WICRS Client" */ = {
			isa = XCConfigurationList;
			buildConfigurations = (
				E630765F278BF4750055F02B /* Debug */,
				E6307660278BF4750055F02B /* Release */,
			);
			defaultConfigurationIsVisible = 0;
			defaultConfigurationName = Release;
		};
		E6307661278BF4750055F02B /* Build configuration list for PBXNativeTarget "WICRS Client (iOS)" */ = {
			isa = XCConfigurationList;
			buildConfigurations = (
				E6307662278BF4750055F02B /* Debug */,
				E6307663278BF4750055F02B /* Release */,
			);
			defaultConfigurationIsVisible = 0;
			defaultConfigurationName = Release;
		};
		E6307664278BF4750055F02B /* Build configuration list for PBXNativeTarget "WICRS Client (macOS)" */ = {
			isa = XCConfigurationList;
			buildConfigurations = (
				E6307665278BF4750055F02B /* Debug */,
				E6307666278BF4750055F02B /* Release */,
			);
			defaultConfigurationIsVisible = 0;
			defaultConfigurationName = Release;
		};
/* End XCConfigurationList section */
	};
	rootObject = E6307644278BF4740055F02B /* Project object */;
}
